github.com/andrianbdn/iospng v0.0.0-20180730113000-dccef1992541 h1:PlePBgD++64Pjmo5HtrBuBxt1oWTUkc0PzrrLk822uA=
github.com/andrianbdn/iospng v0.0.0-20180730113000-dccef1992541/go.mod h1:Ct7Kf2zP3u3uzYRRwayZEwtAQGJ2leVXiR6DQI9IqPo=
github.com/appflight/androidbinary v1.0.3 h1:NhfMqnSjXqqzsrhcLvKR8B/vVTcrabowrc7LqRwGnSI=
github.com/appflight/androidbinary v1.0.3/go.mod h1:ZZ4Ae5SzPO9DOEF3Sdms6zzrGuHcxyreQ5sjp6bFycA=
github.com/appflight/apkparser v0.0.0-20210130111306-76f9efb1a121/go.mod h1:Z1DeQQQej1icWWKARW4R89Pnp/FWp0QDJs6PRWBHoPc=
github.com/appflight/apkparser v1.0.1 h1:5Engt2As4uQoVCUFFvMGGEEa8+x7b4fbbGwr4WzZvls=
github.com/appflight/apkparser v1.0.1/go.mod h1:/Cv9UfwZBk2gqimQPgTTs0jKD0GlNtKt3Mxf9iarz9c=
github.com/appflight/apkverifier v1.0.0/go.mod h1:Hz2bdVCgdZ4eS9GFlnsH5Oql7I2VZJ5ew2yev1y0CZU=
github.com/cbeer/jpeg2000 v0.0.0-20200310160555-fbd1cc642f07 h1:oxPpywCeQNWNmQ90d771Xn0h41GT7LrmF7ukL/+tfC0=
github.com/cbeer/jpeg2000 v0.0.0-20200310160555-fbd1cc642f07/go.mod h1:PCAwC5vRjmjzVA8HJEC/zCelJxrMzrxVY3PisVG1JIg=
github.com/davecgh/go-spew v1.1.0/go.mod h1:J7Y8YcW2NihsgmVo/mv3lAwl/skON4iLHjSsI+c5H38=
github.com/davecgh/go-spew v1.1.1/go.mod h1:J7Y8YcW2NihsgmVo/mv3lAwl/skON4iLHjSsI+c5H38=
github.com/klauspost/compress v1.11.0 h1:wJbzvpYMVGG9iTI9VxpnNZfd4DzMPoCWze3GgSqz8yg=
github.com/klauspost/compress v1.11.0/go.mod h1:aoV0uJVorq1K+umq18yTdKaF57EivdYsUV+/s2qKfXs=
github.com/kr/pretty v0.1.0/go.mod h1:dAy3ld7l9f0ibDNOQOHHMYYIIbhfbHSm3C4ZsoJORNo=
github.com/kr/pty v1.1.1/go.mod h1:pFQYn66WHrOpPYNljwOMqo10TkYh1fy3cYio2l3bCsQ=
github.com/kr/text v0.1.0/go.mod h1:4Jbv+DJW3UT/LiOwJeYQe1efqtUx/iVham/4vfdArNI=
github.com/orcastor/fico v0.0.0-20240216055028-1105802c134f h1:JjbZc7MfuLWBznjVafHsZm1y7dVsOssOW3FjzdLuE0U=
github.com/orcastor/fico v0.0.0-20240216055028-1105802c134f/go.mod h1:uUM4LnWhBuxtAKHWiMFtPg16OZGHfWVRLlCApKOmePI=
github.com/pkg/errors v0.9.1 h1:FEBLx1zS214owpjy7qsBeixbURkuhQAwrK5UwLGTwt4=
github.com/pkg/errors v0.9.1/go.mod h1:bwawxfHBFNV+L2hUp1rHADufV3IMtnDRdf1r5NINEl0=
github.com/pmezard/go-difflib v1.0.0/go.mod h1:iKH77koFhYxTK1pcRnkKkqfTogsbg7gZNVY4sRDYZ/4=
github.com/stretchr/objx v0.1.0/go.mod h1:HFkY916IF+rwdDfMAkV7OtwuqBVzrE8GR6GFx+wExME=
github.com/stretchr/testify v1.7.0/go.mod h1:6Fq8oRcR53rry900zMqJjRRixrwX3KX962/h/Wwjteg=
github.com/tmc/icns v0.0.0-20171229010138-5677fdfa7a3e h1:iyt6wo0K+mPcmB40zWhRXFoA6pGghZkGmjWB9cBKWbs=
github.com/tmc/icns v0.0.0-20171229010138-5677fdfa7a3e/go.mod h1:NmWu0uOPJAHAUS7vpXngbcZMPzwgsaYvPSEs1gLpelg=
golang.org/x/image v0.15.0 h1:kOELfmgrmJlw4Cdb7g/QGuB3CvDrXbqEIww/pNtNBm8=
golang.org/x/image v0.15.0/go.mod h1:HUYqC05R2ZcZ3ejNQsIHQDQiwWM4JBqmm6MKANTp4LE=
golang.org/x/xerrors v0.0.0-20190717185122-a985d3407aa7/go.mod h1:I/5z698sn9Ka8TeJc9MKroUUfqBBauWjQqLJ2OPfmY0=
gopkg.in/check.v1 v0.0.0-20161208181325-20d25e280405/go.mod h1:Co6ibVJAznAaIkqp8huTwlJQCZ016jof/cbN4VW5Yz0=
gopkg.in/check.v1 v1.0.0-20180628173108-788fd7840127/go.mod h1:Co6ibVJAznAaIkqp8huTwlJQCZ016jof/cbN4VW5Yz0=
gopkg.in/ini.v1 v1.67.0 h1:Dgnx+6+nfE+IfzjUEISNeydPJh9AXNNsWbGP9KzCsOA=
gopkg.in/ini.v1 v1.67.0/go.mod h1:pNLf8WUiyNEtQjuu5G5vTm06TEv9tsIgeAvK8hOrP4k=
gopkg.in/yaml.v3 v3.0.0-20200313102051-9f266ea9e77c/go.mod h1:K4uyk7z7BCEPqu6E+C64Yfv1cQ7kz7rIZviUmN+EgEM=
